dependencies:
- name: agent-platform-mcp-servers
  repository: file://./mcp-servers
  version: 0.1.0
- name: goose-sandboxes
  repository: file://./sandboxes
  version: 0.1.0
- name: agent-orchestrator
  repository: file://./orchestrator
  version: 0.12.0
- name: nats
  repository: https://nats-io.github.io/k8s/helm/charts/
  version: 2.12.3
- name: agent-sandbox
  repository: file://./agent-sandbox
  version: 0.1.0
digest: sha256:7a68befcd1722f095e5306d7409fa044beee22f522462987ac7d9bf457e5675c
generated: "2026-04-07T08:31:06.601457-07:00"
