dependencies:
- name: cf-ingress
  repository: file://../../platform/cf-ingress-library
  version: 0.1.0
- name: signoz-dashboards
  repository: file://../../platform/signoz-dashboards-library
  version: 0.1.0
digest: sha256:b1ac42df5065e64e8afcbcb98d19ab93b8e4a6b2a0379a8abd3e350a7713823e
generated: "2026-04-05T15:06:45.252903-07:00"
